// !$*UTF8*$!
{
	archiveVersion = 1;
	classes = {
	};
	objectVersion = 56;
	objects = {

/* Begin PBXBuildFile section */
		891DE7632A81C4F30036FB5C /* WeatherViewController.swift in Sources */ = {isa = PBXBuildFile; fileRef = 891DE7622A81C4F30036FB5C /* WeatherViewController.swift */; };
		891DE7652A81E8240036FB5C /* VideoViewController.swift in Sources */ = {isa = PBXBuildFile; fileRef = 891DE7642A81E8240036FB5C /* VideoViewController.swift */; };
		891DE7682A821A100036FB5C /* LotteryViewController.swift in Sources */ = {isa = PBXBuildFile; fileRef = 891DE7672A821A100036FB5C /* LotteryViewController.swift */; };
		891DE76D2A821AB50036FB5C /* Assignment.storyboard in Resources */ = {isa = PBXBuildFile; fileRef = 891DE76C2A821AB50036FB5C /* Assignment.storyboard */; };
		891DE7702A8224720036FB5C /* Lottery.swift in Sources */ = {isa = PBXBuildFile; fileRef = 891DE76F2A8224720036FB5C /* Lottery.swift */; };
		891DE7762A8236EA0036FB5C /* BeerViewController.swift in Sources */ = {isa = PBXBuildFile; fileRef = 891DE7752A8236EA0036FB5C /* BeerViewController.swift */; };
		891DE7782A823CE10036FB5C /* Beer.swift in Sources */ = {isa = PBXBuildFile; fileRef = 891DE7772A823CE10036FB5C /* Beer.swift */; };
		891DE77A2A8247C20036FB5C /* BeerListViewController.swift in Sources */ = {isa = PBXBuildFile; fileRef = 891DE7792A8247C20036FB5C /* BeerListViewController.swift */; };
		891DE77D2A8248A40036FB5C /* BeerTableViewCell.swift in Sources */ = {isa = PBXBuildFile; fileRef = 891DE77B2A8248A40036FB5C /* BeerTableViewCell.swift */; };
		891DE77E2A8248A40036FB5C /* BeerTableViewCell.xib in Resources */ = {isa = PBXBuildFile; fileRef = 891DE77C2A8248A40036FB5C /* BeerTableViewCell.xib */; };
		895442F22A80966900C8460E /* AppDelegate.swift in Sources */ = {isa = PBXBuildFile; fileRef = 895442F12A80966900C8460E /* AppDelegate.swift */; };
		895442F42A80966900C8460E /* SceneDelegate.swift in Sources */ = {isa = PBXBuildFile; fileRef = 895442F32A80966900C8460E /* SceneDelegate.swift */; };
		895442F62A80966900C8460E /* ViewController.swift in Sources */ = {isa = PBXBuildFile; fileRef = 895442F52A80966900C8460E /* ViewController.swift */; };
		895442F92A80966900C8460E /* Main.storyboard in Resources */ = {isa = PBXBuildFile; fileRef = 895442F72A80966900C8460E /* Main.storyboard */; };
		895442FB2A80966C00C8460E /* Assets.xcassets in Resources */ = {isa = PBXBuildFile; fileRef = 895442FA2A80966C00C8460E /* Assets.xcassets */; };
		895442FE2A80966C00C8460E /* LaunchScreen.storyboard in Resources */ = {isa = PBXBuildFile; fileRef = 895442FC2A80966C00C8460E /* LaunchScreen.storyboard */; };
		895443072A8096AB00C8460E /* Alamofire in Frameworks */ = {isa = PBXBuildFile; productRef = 895443062A8096AB00C8460E /* Alamofire */; };
		8954430A2A8096B700C8460E /* SwiftyJSON in Frameworks */ = {isa = PBXBuildFile; productRef = 895443092A8096B700C8460E /* SwiftyJSON */; };
		8954430D2A8096C700C8460E /* Kingfisher in Frameworks */ = {isa = PBXBuildFile; productRef = 8954430C2A8096C700C8460E /* Kingfisher */; };
		8954430F2A809B8C00C8460E /* .gitignore in Resources */ = {isa = PBXBuildFile; fileRef = 8954430E2A809B8B00C8460E /* .gitignore */; };
		895443112A809C2B00C8460E /* TranslationViewController.swift in Sources */ = {isa = PBXBuildFile; fileRef = 895443102A809C2B00C8460E /* TranslationViewController.swift */; };
		895443132A809C4E00C8460E /* APIKey.swift in Sources */ = {isa = PBXBuildFile; fileRef = 895443122A809C4E00C8460E /* APIKey.swift */; };
		8980494A2A84B4EF00177876 /* Translation2ViewController.swift in Sources */ = {isa = PBXBuildFile; fileRef = 898049492A84B4EF00177876 /* Translation2ViewController.swift */; };
		8980494C2A84D32500177876 /* CustomTextField.swift in Sources */ = {isa = PBXBuildFile; fileRef = 8980494B2A84D32500177876 /* CustomTextField.swift */; };
		898049502A85BA9700177876 /* ReusableViewProtocol.swift in Sources */ = {isa = PBXBuildFile; fileRef = 8980494F2A85BA9700177876 /* ReusableViewProtocol.swift */; };
		898049522A85BD0000177876 /* UserDefaultsHelper.swift in Sources */ = {isa = PBXBuildFile; fileRef = 898049512A85BD0000177876 /* UserDefaultsHelper.swift */; };
		89CD16522A83231E00B29615 /* VideoTableViewCell.swift in Sources */ = {isa = PBXBuildFile; fileRef = 89CD16512A83231E00B29615 /* VideoTableViewCell.swift */; };
/* End PBXBuildFile section */

/* Begin PBXFileReference section */
		891DE7622A81C4F30036FB5C /* WeatherViewController.swift */ = {isa = PBXFileReference; lastKnownFileType = sourcecode.swift; path = WeatherViewController.swift; sourceTree = "<group>"; };
		891DE7642A81E8240036FB5C /* VideoViewController.swift */ = {isa = PBXFileReference; lastKnownFileType = sourcecode.swift; path = VideoViewController.swift; sourceTree = "<group>"; };
		891DE7672A821A100036FB5C /* LotteryViewController.swift */ = {isa = PBXFileReference; lastKnownFileType = sourcecode.swift; path = LotteryViewController.swift; sourceTree = "<group>"; };
		891DE76C2A821AB50036FB5C /* Assignment.storyboard */ = {isa = PBXFileReference; lastKnownFileType = file.storyboard; path = Assignment.storyboard; sourceTree = "<group>"; };
		891DE76F2A8224720036FB5C /* Lottery.swift */ = {isa = PBXFileReference; lastKnownFileType = sourcecode.swift; path = Lottery.swift; sourceTree = "<group>"; };
		891DE7752A8236EA0036FB5C /* BeerViewController.swift */ = {isa = PBXFileReference; lastKnownFileType = sourcecode.swift; path = BeerViewController.swift; sourceTree = "<group>"; };
		891DE7772A823CE10036FB5C /* Beer.swift */ = {isa = PBXFileReference; lastKnownFileType = sourcecode.swift; path = Beer.swift; sourceTree = "<group>"; };
		891DE7792A8247C20036FB5C /* BeerListViewController.swift */ = {isa = PBXFileReference; lastKnownFileType = sourcecode.swift; path = BeerListViewController.swift; sourceTree = "<group>"; };
		891DE77B2A8248A40036FB5C /* BeerTableViewCell.swift */ = {isa = PBXFileReference; lastKnownFileType = sourcecode.swift; path = BeerTableViewCell.swift; sourceTree = "<group>"; };
		891DE77C2A8248A40036FB5C /* BeerTableViewCell.xib */ = {isa = PBXFileReference; lastKnownFileType = file.xib; path = BeerTableViewCell.xib; sourceTree = "<group>"; };
		895442EE2A80966900C8460E /* SeSAC3Week4.app */ = {isa = PBXFileReference; explicitFileType = wrapper.application; includeInIndex = 0; path = SeSAC3Week4.app; sourceTree = BUILT_PRODUCTS_DIR; };
		895442F12A80966900C8460E /* AppDelegate.swift */ = {isa = PBXFileReference; lastKnownFileType = sourcecode.swift; path = AppDelegate.swift; sourceTree = "<group>"; };
		895442F32A80966900C8460E /* SceneDelegate.swift */ = {isa = PBXFileReference; lastKnownFileType = sourcecode.swift; path = SceneDelegate.swift; sourceTree = "<group>"; };
		895442F52A80966900C8460E /* ViewController.swift */ = {isa = PBXFileReference; lastKnownFileType = sourcecode.swift; path = ViewController.swift; sourceTree = "<group>"; };
		895442F82A80966900C8460E /* Base */ = {isa = PBXFileReference; lastKnownFileType = file.storyboard; name = Base; path = Base.lproj/Main.storyboard; sourceTree = "<group>"; };
		895442FA2A80966C00C8460E /* Assets.xcassets */ = {isa = PBXFileReference; lastKnownFileType = folder.assetcatalog; path = Assets.xcassets; sourceTree = "<group>"; };
		895442FD2A80966C00C8460E /* Base */ = {isa = PBXFileReference; lastKnownFileType = file.storyboard; name = Base; path = Base.lproj/LaunchScreen.storyboard; sourceTree = "<group>"; };
		895442FF2A80966C00C8460E /* Info.plist */ = {isa = PBXFileReference; lastKnownFileType = text.plist.xml; path = Info.plist; sourceTree = "<group>"; };
		8954430E2A809B8B00C8460E /* .gitignore */ = {isa = PBXFileReference; lastKnownFileType = text; path = .gitignore; sourceTree = "<group>"; };
		895443102A809C2B00C8460E /* TranslationViewController.swift */ = {isa = PBXFileReference; lastKnownFileType = sourcecode.swift; path = TranslationViewController.swift; sourceTree = "<group>"; };
		895443122A809C4E00C8460E /* APIKey.swift */ = {isa = PBXFileReference; lastKnownFileType = sourcecode.swift; path = APIKey.swift; sourceTree = "<group>"; };
		898049492A84B4EF00177876 /* Translation2ViewController.swift */ = {isa = PBXFileReference; lastKnownFileType = sourcecode.swift; path = Translation2ViewController.swift; sourceTree = "<group>"; };
		8980494B2A84D32500177876 /* CustomTextField.swift */ = {isa = PBXFileReference; lastKnownFileType = sourcecode.swift; path = CustomTextField.swift; sourceTree = "<group>"; };
		8980494F2A85BA9700177876 /* ReusableViewProtocol.swift */ = {isa = PBXFileReference; lastKnownFileType = sourcecode.swift; path = ReusableViewProtocol.swift; sourceTree = "<group>"; };
		898049512A85BD0000177876 /* UserDefaultsHelper.swift */ = {isa = PBXFileReference; lastKnownFileType = sourcecode.swift; path = UserDefaultsHelper.swift; sourceTree = "<group>"; };
		89CD16512A83231E00B29615 /* VideoTableViewCell.swift */ = {isa = PBXFileReference; lastKnownFileType = sourcecode.swift; path = VideoTableViewCell.swift; sourceTree = "<group>"; };
/* End PBXFileReference section */

/* Begin PBXFrameworksBuildPhase section */
		895442EB2A80966900C8460E /* Frameworks */ = {
			isa = PBXFrameworksBuildPhase;
			buildActionMask = 2147483647;
			files = (
				8954430D2A8096C700C8460E /* Kingfisher in Frameworks */,
				8954430A2A8096B700C8460E /* SwiftyJSON in Frameworks */,
				895443072A8096AB00C8460E /* Alamofire in Frameworks */,
			);
			runOnlyForDeploymentPostprocessing = 0;
		};
/* End PBXFrameworksBuildPhase section */

/* Begin PBXGroup section */
		891DE7662A8219E00036FB5C /* Lottery */ = {
			isa = PBXGroup;
			children = (
				891DE7672A821A100036FB5C /* LotteryViewController.swift */,
			);
			path = Lottery;
			sourceTree = "<group>";
		};
		891DE7692A821A6F0036FB5C /* View */ = {
			isa = PBXGroup;
			children = (
				891DE76A2A821A830036FB5C /* Practice */,
				891DE76B2A821A940036FB5C /* Assignment */,
			);
			path = View;
			sourceTree = "<group>";
		};
		891DE76A2A821A830036FB5C /* Practice */ = {
			isa = PBXGroup;
			children = (
				895442F72A80966900C8460E /* Main.storyboard */,
				895442F52A80966900C8460E /* ViewController.swift */,
				891DE7642A81E8240036FB5C /* VideoViewController.swift */,
				8980494F2A85BA9700177876 /* ReusableViewProtocol.swift */,
				898049512A85BD0000177876 /* UserDefaultsHelper.swift */,
				89CD16512A83231E00B29615 /* VideoTableViewCell.swift */,
				891DE7622A81C4F30036FB5C /* WeatherViewController.swift */,
				895443102A809C2B00C8460E /* TranslationViewController.swift */,
				898049492A84B4EF00177876 /* Translation2ViewController.swift */,
				8980494B2A84D32500177876 /* CustomTextField.swift */,
			);
			path = Practice;
			sourceTree = "<group>";
		};
		891DE76B2A821A940036FB5C /* Assignment */ = {
			isa = PBXGroup;
			children = (
				891DE76C2A821AB50036FB5C /* Assignment.storyboard */,
				891DE77C2A8248A40036FB5C /* BeerTableViewCell.xib */,
				891DE7742A822FB80036FB5C /* Beer */,
				891DE7662A8219E00036FB5C /* Lottery */,
			);
			path = Assignment;
			sourceTree = "<group>";
		};
		891DE76E2A821B130036FB5C /* Model */ = {
			isa = PBXGroup;
			children = (
				891DE76F2A8224720036FB5C /* Lottery.swift */,
				891DE7772A823CE10036FB5C /* Beer.swift */,
			);
			path = Model;
			sourceTree = "<group>";
		};
		891DE7742A822FB80036FB5C /* Beer */ = {
			isa = PBXGroup;
			children = (
				891DE7752A8236EA0036FB5C /* BeerViewController.swift */,
				891DE7792A8247C20036FB5C /* BeerListViewController.swift */,
				891DE77B2A8248A40036FB5C /* BeerTableViewCell.swift */,
			);
			path = Beer;
			sourceTree = "<group>";
		};
		895442E52A80966900C8460E = {
			isa = PBXGroup;
			children = (
				895442F02A80966900C8460E /* SeSAC3Week4 */,
				895442EF2A80966900C8460E /* Products */,
			);
			sourceTree = "<group>";
		};
		895442EF2A80966900C8460E /* Products */ = {
			isa = PBXGroup;
			children = (
				895442EE2A80966900C8460E /* SeSAC3Week4.app */,
			);
			name = Products;
			sourceTree = "<group>";
		};
		895442F02A80966900C8460E /* SeSAC3Week4 */ = {
			isa = PBXGroup;
			children = (
				895442F12A80966900C8460E /* AppDelegate.swift */,
				895442F32A80966900C8460E /* SceneDelegate.swift */,
				891DE76E2A821B130036FB5C /* Model */,
				891DE7692A821A6F0036FB5C /* View */,
				895443122A809C4E00C8460E /* APIKey.swift */,
				895442FA2A80966C00C8460E /* Assets.xcassets */,
				895442FC2A80966C00C8460E /* LaunchScreen.storyboard */,
				895442FF2A80966C00C8460E /* Info.plist */,
				8954430E2A809B8B00C8460E /* .gitignore */,
			);
			path = SeSAC3Week4;
			sourceTree = "<group>";
		};
/* End PBXGroup section */

/* Begin PBXNativeTarget section */
		895442ED2A80966900C8460E /* SeSAC3Week4 */ = {
			isa = PBXNativeTarget;
			buildConfigurationList = 895443022A80966C00C8460E /* Build configuration list for PBXNativeTarget "SeSAC3Week4" */;
			buildPhases = (
				895442EA2A80966900C8460E /* Sources */,
				895442EB2A80966900C8460E /* Frameworks */,
				895442EC2A80966900C8460E /* Resources */,
			);
			buildRules = (
			);
			dependencies = (
			);
			name = SeSAC3Week4;
			packageProductDependencies = (
				895443062A8096AB00C8460E /* Alamofire */,
				895443092A8096B700C8460E /* SwiftyJSON */,
				8954430C2A8096C700C8460E /* Kingfisher */,
			);
			productName = SeSAC3Week4;
			productReference = 895442EE2A80966900C8460E /* SeSAC3Week4.app */;
			productType = "com.apple.product-type.application";
		};
/* End PBXNativeTarget section */

/* Begin PBXProject section */
		895442E62A80966900C8460E /* Project object */ = {
			isa = PBXProject;
			attributes = {
				BuildIndependentTargetsInParallel = 1;
				LastSwiftUpdateCheck = 1430;
				LastUpgradeCheck = 1430;
				TargetAttributes = {
					895442ED2A80966900C8460E = {
						CreatedOnToolsVersion = 14.3.1;
					};
				};
			};
			buildConfigurationList = 895442E92A80966900C8460E /* Build configuration list for PBXProject "SeSAC3Week4" */;
			compatibilityVersion = "Xcode 14.0";
			developmentRegion = en;
			hasScannedForEncodings = 0;
			knownRegions = (
				en,
				Base,
			);
			mainGroup = 895442E52A80966900C8460E;
			packageReferences = (
				895443052A8096AB00C8460E /* XCRemoteSwiftPackageReference "Alamofire" */,
				895443082A8096B700C8460E /* XCRemoteSwiftPackageReference "SwiftyJSON" */,
				8954430B2A8096C700C8460E /* XCRemoteSwiftPackageReference "Kingfisher" */,
			);
			productRefGroup = 895442EF2A80966900C8460E /* Products */;
			projectDirPath = "";
			projectRoot = "";
			targets = (
				895442ED2A80966900C8460E /* SeSAC3Week4 */,
			);
		};
/* End PBXProject section */

/* Begin PBXResourcesBuildPhase section */
		895442EC2A80966900C8460E /* Resources */ = {
			isa = PBXResourcesBuildPhase;
			buildActionMask = 2147483647;
			files = (
				8954430F2A809B8C00C8460E /* .gitignore in Resources */,
				895442FE2A80966C00C8460E /* LaunchScreen.storyboard in Resources */,
				895442FB2A80966C00C8460E /* Assets.xcassets in Resources */,
				891DE77E2A8248A40036FB5C /* BeerTableViewCell.xib in Resources */,
				895442F92A80966900C8460E /* Main.storyboard in Resources */,
				891DE76D2A821AB50036FB5C /* Assignment.storyboard in Resources */,
			);
			runOnlyForDeploymentPostprocessing = 0;
		};
/* End PBXResourcesBuildPhase section */

/* Begin PBXSourcesBuildPhase section */
		895442EA2A80966900C8460E /* Sources */ = {
			isa = PBXSourcesBuildPhase;
			buildActionMask = 2147483647;
			files = (
				898049522A85BD0000177876 /* UserDefaultsHelper.swift in Sources */,
				898049502A85BA9700177876 /* ReusableViewProtocol.swift in Sources */,
				891DE77A2A8247C20036FB5C /* BeerListViewController.swift in Sources */,
				891DE7762A8236EA0036FB5C /* BeerViewController.swift in Sources */,
				891DE7682A821A100036FB5C /* LotteryViewController.swift in Sources */,
				8980494A2A84B4EF00177876 /* Translation2ViewController.swift in Sources */,
				8980494C2A84D32500177876 /* CustomTextField.swift in Sources */,
				891DE7702A8224720036FB5C /* Lottery.swift in Sources */,
				891DE7782A823CE10036FB5C /* Beer.swift in Sources */,
				895443112A809C2B00C8460E /* TranslationViewController.swift in Sources */,
				891DE7652A81E8240036FB5C /* VideoViewController.swift in Sources */,
				891DE7632A81C4F30036FB5C /* WeatherViewController.swift in Sources */,
				895442F62A80966900C8460E /* ViewController.swift in Sources */,
				89CD16522A83231E00B29615 /* VideoTableViewCell.swift in Sources */,
				891DE77D2A8248A40036FB5C /* BeerTableViewCell.swift in Sources */,
				895442F22A80966900C8460E /* AppDelegate.swift in Sources */,
				895442F42A80966900C8460E /* SceneDelegate.swift in Sources */,
				895443132A809C4E00C8460E /* APIKey.swift in Sources */,
			);
			runOnlyForDeploymentPostprocessing = 0;
		};
/* End PBXSourcesBuildPhase section */

/* Begin PBXVariantGroup section */
		895442F72A80966900C8460E /* Main.storyboard */ = {
			isa = PBXVariantGroup;
			children = (
				895442F82A80966900C8460E /* Base */,
			);
			name = Main.storyboard;
			sourceTree = "<group>";
		};
		895442FC2A80966C00C8460E /* LaunchScreen.storyboard */ = {
			isa = PBXVariantGroup;
			children = (
				895442FD2A80966C00C8460E /* Base */,
			);
			name = LaunchScreen.storyboard;
			sourceTree = "<group>";
		};
/* End PBXVariantGroup section */

/* Begin XCBuildConfiguration section */
		895443002A80966C00C8460E /* Debug */ = {
			isa = XCBuildConfiguration;
			buildSettings = {
				ALWAYS_SEARCH_USER_PATHS = NO;
				CLANG_ANALYZER_NONNULL = YES;
				CLANG_ANALYZER_NUMBER_OBJECT_CONVERSION = YES_AGGRESSIVE;
				CLANG_CXX_LANGUAGE_STANDARD = "gnu++20";
				CLANG_ENABLE_MODULES = YES;
				CLANG_ENABLE_OBJC_ARC = YES;
				CLANG_ENABLE_OBJC_WEAK = YES;
				CLANG_WARN_BLOCK_CAPTURE_AUTORELEASING = YES;
				CLANG_WARN_BOOL_CONVERSION = YES;
				CLANG_WARN_COMMA = YES;
				CLANG_WARN_CONSTANT_CONVERSION = YES;
				CLANG_WARN_DEPRECATED_OBJC_IMPLEMENTATIONS = YES;
				CLANG_WARN_DIRECT_OBJC_ISA_USAGE = YES_ERROR;
				CLANG_WARN_DOCUMENTATION_COMMENTS = YES;
				CLANG_WARN_EMPTY_BODY = YES;
				CLANG_WARN_ENUM_CONVERSION = YES;
				CLANG_WARN_INFINITE_RECURSION = YES;
				CLANG_WARN_INT_CONVERSION = YES;
				CLANG_WARN_NON_LITERAL_NULL_CONVERSION = YES;
				CLANG_WARN_OBJC_IMPLICIT_RETAIN_SELF = YES;
				CLANG_WARN_OBJC_LITERAL_CONVERSION = YES;
				CLANG_WARN_OBJC_ROOT_CLASS = YES_ERROR;
				CLANG_WARN_QUOTED_INCLUDE_IN_FRAMEWORK_HEADER = YES;
				CLANG_WARN_RANGE_LOOP_ANALYSIS = YES;
				CLANG_WARN_STRICT_PROTOTYPES = YES;
				CLANG_WARN_SUSPICIOUS_MOVE = YES;
				CLANG_WARN_UNGUARDED_AVAILABILITY = YES_AGGRESSIVE;
				CLANG_WARN_UNREACHABLE_CODE = YES;
				CLANG_WARN__DUPLICATE_METHOD_MATCH = YES;
				COPY_PHASE_STRIP = NO;
				DEBUG_INFORMATION_FORMAT = dwarf;
				ENABLE_STRICT_OBJC_MSGSEND = YES;
				ENABLE_TESTABILITY = YES;
				GCC_C_LANGUAGE_STANDARD = gnu11;
				GCC_DYNAMIC_NO_PIC = NO;
				GCC_NO_COMMON_BLOCKS = YES;
				GCC_OPTIMIZATION_LEVEL = 0;
				GCC_PREPROCESSOR_DEFINITIONS = (
					"DEBUG=1",
					"$(inherited)",
				);
				GCC_WARN_64_TO_32_BIT_CONVERSION = YES;
				GCC_WARN_ABOUT_RETURN_TYPE = YES_ERROR;
				GCC_WARN_UNDECLARED_SELECTOR = YES;
				GCC_WARN_UNINITIALIZED_AUTOS = YES_AGGRESSIVE;
				GCC_WARN_UNUSED_FUNCTION = YES;
				GCC_WARN_UNUSED_VARIABLE = YES;
				IPHONEOS_DEPLOYMENT_TARGET = 16.4;
				MTL_ENABLE_DEBUG_INFO = INCLUDE_SOURCE;
				MTL_FAST_MATH = YES;
				ONLY_ACTIVE_ARCH = YES;
				SDKROOT = iphoneos;
				SWIFT_ACTIVE_COMPILATION_CONDITIONS = DEBUG;
				SWIFT_OPTIMIZATION_LEVEL = "-Onone";
			};
			name = Debug;
		};
		895443012A80966C00C8460E /* Release */ = {
			isa = XCBuildConfiguration;
			buildSettings = {
				ALWAYS_SEARCH_USER_PATHS = NO;
				CLANG_ANALYZER_NONNULL = YES;
				CLANG_ANALYZER_NUMBER_OBJECT_CONVERSION = YES_AGGRESSIVE;
				CLANG_CXX_LANGUAGE_STANDARD = "gnu++20";
				CLANG_ENABLE_MODULES = YES;
				CLANG_ENABLE_OBJC_ARC = YES;
				CLANG_ENABLE_OBJC_WEAK = YES;
				CLANG_WARN_BLOCK_CAPTURE_AUTORELEASING = YES;
				CLANG_WARN_BOOL_CONVERSION = YES;
				CLANG_WARN_COMMA = YES;
				CLANG_WARN_CONSTANT_CONVERSION = YES;
				CLANG_WARN_DEPRECATED_OBJC_IMPLEMENTATIONS = YES;
				CLANG_WARN_DIRECT_OBJC_ISA_USAGE = YES_ERROR;
				CLANG_WARN_DOCUMENTATION_COMMENTS = YES;
				CLANG_WARN_EMPTY_BODY = YES;
				CLANG_WARN_ENUM_CONVERSION = YES;
				CLANG_WARN_INFINITE_RECURSION = YES;
				CLANG_WARN_INT_CONVERSION = YES;
				CLANG_WARN_NON_LITERAL_NULL_CONVERSION = YES;
				CLANG_WARN_OBJC_IMPLICIT_RETAIN_SELF = YES;
				CLANG_WARN_OBJC_LITERAL_CONVERSION = YES;
				CLANG_WARN_OBJC_ROOT_CLASS = YES_ERROR;
				CLANG_WARN_QUOTED_INCLUDE_IN_FRAMEWORK_HEADER = YES;
				CLANG_WARN_RANGE_LOOP_ANALYSIS = YES;
				CLANG_WARN_STRICT_PROTOTYPES = YES;
				CLANG_WARN_SUSPICIOUS_MOVE = YES;
				CLANG_WARN_UNGUARDED_AVAILABILITY = YES_AGGRESSIVE;
				CLANG_WARN_UNREACHABLE_CODE = YES;
				CLANG_WARN__DUPLICATE_METHOD_MATCH = YES;
				COPY_PHASE_STRIP = NO;
				DEBUG_INFORMATION_FORMAT = "dwarf-with-dsym";
				ENABLE_NS_ASSERTIONS = NO;
				ENABLE_STRICT_OBJC_MSGSEND = YES;
				GCC_C_LANGUAGE_STANDARD = gnu11;
				GCC_NO_COMMON_BLOCKS = YES;
				GCC_WARN_64_TO_32_BIT_CONVERSION = YES;
				GCC_WARN_ABOUT_RETURN_TYPE = YES_ERROR;
				GCC_WARN_UNDECLARED_SELECTOR = YES;
				GCC_WARN_UNINITIALIZED_AUTOS = YES_AGGRESSIVE;
				GCC_WARN_UNUSED_FUNCTION = YES;
				GCC_WARN_UNUSED_VARIABLE = YES;
				IPHONEOS_DEPLOYMENT_TARGET = 16.4;
				MTL_ENABLE_DEBUG_INFO = NO;
				MTL_FAST_MATH = YES;
				SDKROOT = iphoneos;
				SWIFT_COMPILATION_MODE = wholemodule;
				SWIFT_OPTIMIZATION_LEVEL = "-O";
				VALIDATE_PRODUCT = YES;
			};
			name = Release;
		};
		895443032A80966C00C8460E /* Debug */ = {
			isa = XCBuildConfiguration;
			buildSettings = {
				ASSETCATALOG_COMPILER_APPICON_NAME = AppIcon;
				ASSETCATALOG_COMPILER_GLOBAL_ACCENT_COLOR_NAME = AccentColor;
				CODE_SIGN_STYLE = Automatic;
				CURRENT_PROJECT_VERSION = 1;
				DEVELOPMENT_TEAM = 67D46DJNPH;
				GENERATE_INFOPLIST_FILE = YES;
				INFOPLIST_FILE = SeSAC3Week4/Info.plist;
				INFOPLIST_KEY_UIApplicationSupportsIndirectInputEvents = YES;
				INFOPLIST_KEY_UILaunchStoryboardName = LaunchScreen;
				INFOPLIST_KEY_UIMainStoryboardFile = Main;
				INFOPLIST_KEY_UISupportedInterfaceOrientations_iPad = "UIInterfaceOrientationPortrait UIInterfaceOrientationPortraitUpsideDown UIInterfaceOrientationLandscapeLeft UIInterfaceOrientationLandscapeRight";
				INFOPLIST_KEY_UISupportedInterfaceOrientations_iPhone = "UIInterfaceOrientationPortrait UIInterfaceOrientationLandscapeLeft UIInterfaceOrientationLandscapeRight";
				LD_RUNPATH_SEARCH_PATHS = (
					"$(inherited)",
					"@executable_path/Frameworks",
				);
				MARKETING_VERSION = 1.0;
				PRODUCT_BUNDLE_IDENTIFIER = com.yescoachdev.SeSAC3Week4;
				PRODUCT_NAME = "$(TARGET_NAME)";
				SWIFT_EMIT_LOC_STRINGS = YES;
				SWIFT_VERSION = 5.0;
				TARGETED_DEVICE_FAMILY = "1,2";
			};
			name = Debug;
		};
		895443042A80966C00C8460E /* Release */ = {
			isa = XCBuildConfiguration;
			buildSettings = {
				ASSETCATALOG_COMPILER_APPICON_NAME = AppIcon;
				ASSETCATALOG_COMPILER_GLOBAL_ACCENT_COLOR_NAME = AccentColor;
				CODE_SIGN_STYLE = Automatic;
				CURRENT_PROJECT_VERSION = 1;
				DEVELOPMENT_TEAM = 67D46DJNPH;
				GENERATE_INFOPLIST_FILE = YES;
				INFOPLIST_FILE = SeSAC3Week4/Info.plist;
				INFOPLIST_KEY_UIApplicationSupportsIndirectInputEvents = YES;
				INFOPLIST_KEY_UILaunchStoryboardName = LaunchScreen;
				INFOPLIST_KEY_UIMainStoryboardFile = Main;
				INFOPLIST_KEY_UISupportedInterfaceOrientations_iPad = "UIInterfaceOrientationPortrait UIInterfaceOrientationPortraitUpsideDown UIInterfaceOrientationLandscapeLeft UIInterfaceOrientationLandscapeRight";
				INFOPLIST_KEY_UISupportedInterfaceOrientations_iPhone = "UIInterfaceOrientationPortrait UIInterfaceOrientationLandscapeLeft UIInterfaceOrientationLandscapeRight";
				LD_RUNPATH_SEARCH_PATHS = (
					"$(inherited)",
					"@executable_path/Frameworks",
				);
				MARKETING_VERSION = 1.0;
				PRODUCT_BUNDLE_IDENTIFIER = com.yescoachdev.SeSAC3Week4;
				PRODUCT_NAME = "$(TARGET_NAME)";
				SWIFT_EMIT_LOC_STRINGS = YES;
				SWIFT_VERSION = 5.0;
				TARGETED_DEVICE_FAMILY = "1,2";
			};
			name = Release;
		};
/* End XCBuildConfiguration section */

/* Begin XCConfigurationList section */
		895442E92A80966900C8460E /* Build configuration list for PBXProject "SeSAC3Week4" */ = {
			isa = XCConfigurationList;
			buildConfigurations = (
				895443002A80966C00C8460E /* Debug */,
				895443012A80966C00C8460E /* Release */,
			);
			defaultConfigurationIsVisible = 0;
			defaultConfigurationName = Release;
		};
		895443022A80966C00C8460E /* Build configuration list for PBXNativeTarget "SeSAC3Week4" */ = {
			isa = XCConfigurationList;
			buildConfigurations = (
				895443032A80966C00C8460E /* Debug */,
				895443042A80966C00C8460E /* Release */,
			);
			defaultConfigurationIsVisible = 0;
			defaultConfigurationName = Release;
		};
/* End XCConfigurationList section */

/* Begin XCRemoteSwiftPackageReference section */
		895443052A8096AB00C8460E /* XCRemoteSwiftPackageReference "Alamofire" */ = {
			isa = XCRemoteSwiftPackageReference;
			repositoryURL = "https://github.com/Alamofire/Alamofire.git";
			requirement = {
				kind = upToNextMajorVersion;
				minimumVersion = 5.0.0;
			};
		};
		895443082A8096B700C8460E /* XCRemoteSwiftPackageReference "SwiftyJSON" */ = {
			isa = XCRemoteSwiftPackageReference;
			repositoryURL = "https://github.com/SwiftyJSON/SwiftyJSON.git";
			requirement = {
				kind = upToNextMajorVersion;
				minimumVersion = 5.0.0;
			};
		};
		8954430B2A8096C700C8460E /* XCRemoteSwiftPackageReference "Kingfisher" */ = {
			isa = XCRemoteSwiftPackageReference;
			repositoryURL = "https://github.com/onevcat/Kingfisher";
			requirement = {
				kind = upToNextMajorVersion;
				minimumVersion = 7.0.0;
			};
		};
/* End XCRemoteSwiftPackageReference section */

/* Begin XCSwiftPackageProductDependency section */
		895443062A8096AB00C8460E /* Alamofire */ = {
			isa = XCSwiftPackageProductDependency;
			package = 895443052A8096AB00C8460E /* XCRemoteSwiftPackageReference "Alamofire" */;
			productName = Alamofire;
		};
		895443092A8096B700C8460E /* SwiftyJSON */ = {
			isa = XCSwiftPackageProductDependency;
			package = 895443082A8096B700C8460E /* XCRemoteSwiftPackageReference "SwiftyJSON" */;
			productName = SwiftyJSON;
		};
		8954430C2A8096C700C8460E /* Kingfisher */ = {
			isa = XCSwiftPackageProductDependency;
			package = 8954430B2A8096C700C8460E /* XCRemoteSwiftPackageReference "Kingfisher" */;
			productName = Kingfisher;
		};
/* End XCSwiftPackageProductDependency section */
	};
	rootObject = 895442E62A80966900C8460E /* Project object */;
}
